PODS:
  - AFNetworking (3.0.4):
    - AFNetworking/NSURLSession (= 3.0.4)
    - AFNetworking/Reachability (= 3.0.4)
    - AFNetworking/Security (= 3.0.4)
    - AFNetworking/Serialization (= 3.0.4)
    - AFNetworking/UIKit (= 3.0.4)
  - AFNetworking/NSURLSession (3.0.4):
    - AFNetworking/Reachability
    - AFNetworking/Security
    - AFNetworking/Serialization
  - AFNetworking/Reachability (3.0.4)
  - AFNetworking/Security (3.0.4)
  - AFNetworking/Serialization (3.0.4)
  - AFNetworking/UIKit (3.0.4):
    - AFNetworking/NSURLSession
  - Bolts/Tasks (1.5.1)
  - Branch (0.11.13)
  - ChameleonFramework (2.0.6):
    - ChameleonFramework/Default (= 2.0.6)
  - ChameleonFramework/Default (2.0.6)
  - DACircularProgress (2.3.1)
  - DGActivityIndicatorView (2.0)
  - DZNEmptyDataSet (1.7.3)
  - FontAwesomeKit/Core (2.2.0)
  - FontAwesomeKit/FontAwesome (2.2.0):
    - FontAwesomeKit/Core
  - FontAwesomeKit/IonIcons (2.2.0):
    - FontAwesomeKit/Core
  - INSPullToRefresh (1.1.3)
  - KIImagePager (2.1.0)
  - MBProgressHUD (0.9.2)
  - MWPhotoBrowser (2.1.1):
    - DACircularProgress (~> 2.3)
    - MBProgressHUD (~> 0.9)
    - SDWebImage (!= 3.7.2, ~> 3.7)
  - Parse (1.11.0):
    - Bolts/Tasks (~> 1.5)
  - pop (1.0.8)
  - RKDropdownAlert (0.3.0)
  - SDWebImage (3.7.3):
    - SDWebImage/Core (= 3.7.3)
  - SDWebImage/Core (3.7.3)
  - SwipeBack (1.1.0)
  - TLYShyNavBar (0.10.1)
  - UIActivityIndicator-for-SDWebImage (1.2):
    - SDWebImage (~> 3.7)
  - VBFPopFlatButton (0.0.6):
    - pop

DEPENDENCIES:
  - AFNetworking
  - Branch
  - ChameleonFramework
  - DGActivityIndicatorView
  - DZNEmptyDataSet
  - FontAwesomeKit/FontAwesome
  - FontAwesomeKit/IonIcons
  - INSPullToRefresh
  - KIImagePager (from `https://github.com/vargarobert/KIImagePager`)
  - MWPhotoBrowser
  - Parse
  - RKDropdownAlert (from `https://github.com/vargarobert/RKDropdownAlert`)
  - SDWebImage (~> 3.7.3)
  - SwipeBack
  - TLYShyNavBar (~> 0.10.1)
  - UIActivityIndicator-for-SDWebImage (from `https://github.com/vargarobert/UIActivityIndicator-for-SDWebImage`)
  - VBFPopFlatButton (from `https://github.com/vargarobert/VBFPopFlatButton`)

EXTERNAL SOURCES:
  KIImagePager:
    :git: https://github.com/vargarobert/KIImagePager
  RKDropdownAlert:
    :git: https://github.com/vargarobert/RKDropdownAlert
  UIActivityIndicator-for-SDWebImage:
    :git: https://github.com/vargarobert/UIActivityIndicator-for-SDWebImage
  VBFPopFlatButton:
    :git: https://github.com/vargarobert/VBFPopFlatButton

CHECKOUT OPTIONS:
  KIImagePager:
    :commit: 1b559eddcb3e654aa9f78c2184a991a7e185b0c0
    :git: https://github.com/vargarobert/KIImagePager
  RKDropdownAlert:
    :commit: 746baa57049718fba7b9c7196d5a90e1805fb956
    :git: https://github.com/vargarobert/RKDropdownAlert
  UIActivityIndicator-for-SDWebImage:
    :commit: 978f56504771d1677fe5787106ae17f6fe4c07eb
    :git: https://github.com/vargarobert/UIActivityIndicator-for-SDWebImage
  VBFPopFlatButton:
    :commit: c6a420e3846d828e058960c8475ef8e3cc8db892
    :git: https://github.com/vargarobert/VBFPopFlatButton

SPEC CHECKSUMS:
  AFNetworking: a0075feb321559dc78d9d85b55d11caa19eabb93
  Bolts: a12663244b1d3351c738882e71902fc74db54f64
  Branch: 37553775450de2d844b03a0854c37d6271d967e7
  ChameleonFramework: a6b466873ff9a4ce3a5196c20bccf1a97ad9f446
  DACircularProgress: 4dd437c0fc3da5161cb289e07ac449493d41db71
  DGActivityIndicatorView: 52875b025a6ccf6a431a905285c12e2bb95eb559
  DZNEmptyDataSet: dd7cca17c1d07dfa78956859b1e70a52505678ef
  FontAwesomeKit: 025fd4dd1017fe4e3f8d47b03e024deedbb33cd4
  INSPullToRefresh: f057df0243a473bd28b31f543c589c140a9380a2
  KIImagePager: aea488f00879fda4a4b81e2b83187da070907c85
  MBProgressHUD: 1569cf7ace17a8bac47aabfbb8580a49690386d1
  MWPhotoBrowser: ba0d0c09ffda3a7ea10093518738c502c1c7141c
  Parse: 886af46a0a677402f6374bb97ac212e795f70afe
  pop: bb773ae2c791ca2629de13b347e7a8b450fa6a57
  RKDropdownAlert: d0a662ad524d2712b1661e483a878a28259ca7e1
  SDWebImage: 1d2b1a1efda1ade1b00b6f8498865f8ddedc8a84
  SwipeBack: 45a42c333b7b9657b9f02cf19673339b3a006195
  TLYShyNavBar: abeab693235fc21b5bd9c8de6e971da62fc3d1d9
  UIActivityIndicator-for-SDWebImage: 7bf7ebbf0ed1747dedc0d6e949c4603a6d0f9e0c
  VBFPopFlatButton: 782344da63f104c279a857d806e065117a7e1196

COCOAPODS: 0.39.0
