// !$*UTF8*$!
{
	archiveVersion = 1;
	classes = {
	};
	objectVersion = 46;
	objects = {

/* Begin PBXBuildFile section */
		2F7A4D38BB6B0D66874A3B92 /* libPods.a in Frameworks */ = {isa = PBXBuildFile; fileRef = 7ADAB0C08BBD365E1B40A3D9 /* libPods.a */; };
		750229CA1BB3F65A00AB1006 /* ArticleViewController.m in Sources */ = {isa = PBXBuildFile; fileRef = 750229C91BB3F65A00AB1006 /* ArticleViewController.m */; };
		750229D21BB4087E00AB1006 /* ArticleCategoryAndTitleTableViewCell.m in Sources */ = {isa = PBXBuildFile; fileRef = 750229D11BB4087E00AB1006 /* ArticleCategoryAndTitleTableViewCell.m */; };
		750229D41BB418D600AB1006 /* ArticleCategoryAndTitle.xib in Resources */ = {isa = PBXBuildFile; fileRef = 750229D31BB418D600AB1006 /* ArticleCategoryAndTitle.xib */; };
		750229D71BB43E1200AB1006 /* ArticleStoryTableViewCell.m in Sources */ = {isa = PBXBuildFile; fileRef = 750229D61BB43E1200AB1006 /* ArticleStoryTableViewCell.m */; };
		750229D91BB43E4100AB1006 /* ArticleStoryTableViewCell.xib in Resources */ = {isa = PBXBuildFile; fileRef = 750229D81BB43E4100AB1006 /* ArticleStoryTableViewCell.xib */; };
		750E22531BD1904C00EE3EC3 /* ArticleReferenceTableViewCell.xib in Resources */ = {isa = PBXBuildFile; fileRef = 750E22521BD1904C00EE3EC3 /* ArticleReferenceTableViewCell.xib */; };
		750E22571BD1910100EE3EC3 /* ArticleReferenceTableViewCell.m in Sources */ = {isa = PBXBuildFile; fileRef = 750E22561BD1910100EE3EC3 /* ArticleReferenceTableViewCell.m */; };
		751759321BD244A500982606 /* INSTwitterPullToRefresh.m in Sources */ = {isa = PBXBuildFile; fileRef = 751759311BD244A500982606 /* INSTwitterPullToRefresh.m */; };
		752818EF1BCFD20700645B09 /* INSCircleInfiniteIndicator.m in Sources */ = {isa = PBXBuildFile; fileRef = 752818EC1BCFD20700645B09 /* INSCircleInfiniteIndicator.m */; };
		752818F01BCFD20700645B09 /* INSCirclePullToRefresh.m in Sources */ = {isa = PBXBuildFile; fileRef = 752818EE1BCFD20700645B09 /* INSCirclePullToRefresh.m */; };
		752818F21BCFEF1900645B09 /* ArticleStoryQuoteTableViewCell.xib in Resources */ = {isa = PBXBuildFile; fileRef = 752818F11BCFEF1900645B09 /* ArticleStoryQuoteTableViewCell.xib */; };
		752818F51BCFF10C00645B09 /* ArticleStoryQuoteTableViewCell.m in Sources */ = {isa = PBXBuildFile; fileRef = 752818F41BCFF10C00645B09 /* ArticleStoryQuoteTableViewCell.m */; };
		752CC8D71BAF12AE003442DF /* TimeIndicatorView.m in Sources */ = {isa = PBXBuildFile; fileRef = 752CC8D61BAF12AE003442DF /* TimeIndicatorView.m */; };
		753C8DAB1BA42F1400D1D7B0 /* ParallaxCell.xib in Resources */ = {isa = PBXBuildFile; fileRef = 753C8DAA1BA42F1400D1D7B0 /* ParallaxCell.xib */; };
		753C8E191BA59BB400D1D7B0 /* MMParallaxCell.m in Sources */ = {isa = PBXBuildFile; fileRef = 753C8E161BA59BB400D1D7B0 /* MMParallaxCell.m */; };
		755DD9051BE16A6D00B48E0C /* PFArticle.m in Sources */ = {isa = PBXBuildFile; fileRef = 755DD9041BE16A6D00B48E0C /* PFArticle.m */; };
		75631A7D1C2EA40D00282572 /* ShareUtils.m in Sources */ = {isa = PBXBuildFile; fileRef = 75631A7C1C2EA40D00282572 /* ShareUtils.m */; };
		75631A881C2FF48F00282572 /* TwitterAPI.m in Sources */ = {isa = PBXBuildFile; fileRef = 75631A871C2FF48F00282572 /* TwitterAPI.m */; };
		75631A931C30326500282572 /* SwipeView.m in Sources */ = {isa = PBXBuildFile; fileRef = 75631A921C30326500282572 /* SwipeView.m */; };
		75631A961C30328C00282572 /* ArticleTwitterTableViewCell.m in Sources */ = {isa = PBXBuildFile; fileRef = 75631A951C30328C00282572 /* ArticleTwitterTableViewCell.m */; };
		75631A981C30332800282572 /* ArticleTwitterTableViewCell.xib in Resources */ = {isa = PBXBuildFile; fileRef = 75631A971C30332800282572 /* ArticleTwitterTableViewCell.xib */; };
		75631A9A1C30355300282572 /* TwitterBox2.xib in Resources */ = {isa = PBXBuildFile; fileRef = 75631A991C30355300282572 /* TwitterBox2.xib */; };
		75631A9C1C304F2500282572 /* TwitterBox.xib in Resources */ = {isa = PBXBuildFile; fileRef = 75631A9B1C304F2500282572 /* TwitterBox.xib */; };
		756817501BE4DE5600F254CA /* PFCategory.m in Sources */ = {isa = PBXBuildFile; fileRef = 7568174F1BE4DE5600F254CA /* PFCategory.m */; };
		756817531BE654A200F254CA /* ParseAPI.m in Sources */ = {isa = PBXBuildFile; fileRef = 756817521BE654A200F254CA /* ParseAPI.m */; };
		756F7C5D1BA4205E00C46DC6 /* MainTableViewController.m in Sources */ = {isa = PBXBuildFile; fileRef = 756F7C5C1BA4205E00C46DC6 /* MainTableViewController.m */; };
		7579FE161BA40BE500A42D13 /* main.m in Sources */ = {isa = PBXBuildFile; fileRef = 7579FE151BA40BE500A42D13 /* main.m */; };
		7579FE191BA40BE500A42D13 /* AppDelegate.m in Sources */ = {isa = PBXBuildFile; fileRef = 7579FE181BA40BE500A42D13 /* AppDelegate.m */; };
		7579FE1F1BA40BE500A42D13 /* Main.storyboard in Resources */ = {isa = PBXBuildFile; fileRef = 7579FE1D1BA40BE500A42D13 /* Main.storyboard */; };
		7579FE211BA40BE500A42D13 /* Images.xcassets in Resources */ = {isa = PBXBuildFile; fileRef = 7579FE201BA40BE500A42D13 /* Images.xcassets */; };
		7579FE241BA40BE500A42D13 /* LaunchScreen.xib in Resources */ = {isa = PBXBuildFile; fileRef = 7579FE221BA40BE500A42D13 /* LaunchScreen.xib */; };
		7579FE301BA40BE500A42D13 /* Tech_DigestTests.m in Sources */ = {isa = PBXBuildFile; fileRef = 7579FE2F1BA40BE500A42D13 /* Tech_DigestTests.m */; };
		758ACCF41BB1C90900E884F9 /* InsetUILabel.m in Sources */ = {isa = PBXBuildFile; fileRef = 758ACCF31BB1C90900E884F9 /* InsetUILabel.m */; };
		75F733F81C04FD9C001C54EA /* MWPhotoBrowserCustom.m in Sources */ = {isa = PBXBuildFile; fileRef = 75F733F71C04FD9C001C54EA /* MWPhotoBrowserCustom.m */; };
		75F733FC1C05011F001C54EA /* DateUtils.m in Sources */ = {isa = PBXBuildFile; fileRef = 75F733FB1C05011F001C54EA /* DateUtils.m */; };
		75F86D721BED338C000B580D /* FTHTTPCodes.m in Sources */ = {isa = PBXBuildFile; fileRef = 75F86D711BED338C000B580D /* FTHTTPCodes.m */; };
		75F86D771BEE7601000B580D /* NSUserDefaultsUtils.m in Sources */ = {isa = PBXBuildFile; fileRef = 75F86D761BEE7601000B580D /* NSUserDefaultsUtils.m */; };
		75FB61C21BCF8FF60057E478 /* CategoryColors.m in Sources */ = {isa = PBXBuildFile; fileRef = 75FB61C11BCF8FF60057E478 /* CategoryColors.m */; };
/* End PBXBuildFile section */

/* Begin PBXContainerItemProxy section */
		7579FE2A1BA40BE500A42D13 /* PBXContainerItemProxy */ = {
			isa = PBXContainerItemProxy;
			containerPortal = 7579FE081BA40BE500A42D13 /* Project object */;
			proxyType = 1;
			remoteGlobalIDString = 7579FE0F1BA40BE500A42D13;
			remoteInfo = "Tech Digest";
		};
/* End PBXContainerItemProxy section */

/* Begin PBXFileReference section */
		74DFD559C0929DE26976AE86 /* Pods.debug.xcconfig */ = {isa = PBXFileReference; includeInIndex = 1; lastKnownFileType = text.xcconfig; name = Pods.debug.xcconfig; path = "Pods/Target Support Files/Pods/Pods.debug.xcconfig"; sourceTree = "<group>"; };
		750229C81BB3F65A00AB1006 /* ArticleViewController.h */ = {isa = PBXFileReference; fileEncoding = 4; lastKnownFileType = sourcecode.c.h; path = ArticleViewController.h; sourceTree = "<group>"; };
		750229C91BB3F65A00AB1006 /* ArticleViewController.m */ = {isa = PBXFileReference; fileEncoding = 4; lastKnownFileType = sourcecode.c.objc; path = ArticleViewController.m; sourceTree = "<group>"; };
		750229D01BB4087E00AB1006 /* ArticleCategoryAndTitleTableViewCell.h */ = {isa = PBXFileReference; fileEncoding = 4; lastKnownFileType = sourcecode.c.h; path = ArticleCategoryAndTitleTableViewCell.h; sourceTree = "<group>"; };
		750229D11BB4087E00AB1006 /* ArticleCategoryAndTitleTableViewCell.m */ = {isa = PBXFileReference; fileEncoding = 4; lastKnownFileType = sourcecode.c.objc; path = ArticleCategoryAndTitleTableViewCell.m; sourceTree = "<group>"; };
		750229D31BB418D600AB1006 /* ArticleCategoryAndTitle.xib */ = {isa = PBXFileReference; fileEncoding = 4; lastKnownFileType = file.xib; path = ArticleCategoryAndTitle.xib; sourceTree = "<group>"; };
		750229D51BB43E1200AB1006 /* ArticleStoryTableViewCell.h */ = {isa = PBXFileReference; fileEncoding = 4; lastKnownFileType = sourcecode.c.h; path = ArticleStoryTableViewCell.h; sourceTree = "<group>"; };
		750229D61BB43E1200AB1006 /* ArticleStoryTableViewCell.m */ = {isa = PBXFileReference; fileEncoding = 4; lastKnownFileType = sourcecode.c.objc; path = ArticleStoryTableViewCell.m; sourceTree = "<group>"; };
		750229D81BB43E4100AB1006 /* ArticleStoryTableViewCell.xib */ = {isa = PBXFileReference; fileEncoding = 4; lastKnownFileType = file.xib; path = ArticleStoryTableViewCell.xib; sourceTree = "<group>"; };
		750E22521BD1904C00EE3EC3 /* ArticleReferenceTableViewCell.xib */ = {isa = PBXFileReference; fileEncoding = 4; lastKnownFileType = file.xib; path = ArticleReferenceTableViewCell.xib; sourceTree = "<group>"; };
		750E22551BD1910100EE3EC3 /* ArticleReferenceTableViewCell.h */ = {isa = PBXFileReference; fileEncoding = 4; lastKnownFileType = sourcecode.c.h; path = ArticleReferenceTableViewCell.h; sourceTree = "<group>"; };
		750E22561BD1910100EE3EC3 /* ArticleReferenceTableViewCell.m */ = {isa = PBXFileReference; fileEncoding = 4; lastKnownFileType = sourcecode.c.objc; path = ArticleReferenceTableViewCell.m; sourceTree = "<group>"; };
		751759301BD244A500982606 /* INSTwitterPullToRefresh.h */ = {isa = PBXFileReference; fileEncoding = 4; lastKnownFileType = sourcecode.c.h; path = INSTwitterPullToRefresh.h; sourceTree = "<group>"; };
		751759311BD244A500982606 /* INSTwitterPullToRefresh.m */ = {isa = PBXFileReference; fileEncoding = 4; lastKnownFileType = sourcecode.c.objc; path = INSTwitterPullToRefresh.m; sourceTree = "<group>"; };
		752818EB1BCFD20700645B09 /* INSCircleInfiniteIndicator.h */ = {isa = PBXFileReference; fileEncoding = 4; lastKnownFileType = sourcecode.c.h; path = INSCircleInfiniteIndicator.h; sourceTree = "<group>"; };
		752818EC1BCFD20700645B09 /* INSCircleInfiniteIndicator.m */ = {isa = PBXFileReference; fileEncoding = 4; lastKnownFileType = sourcecode.c.objc; path = INSCircleInfiniteIndicator.m; sourceTree = "<group>"; };
		752818ED1BCFD20700645B09 /* INSCirclePullToRefresh.h */ = {isa = PBXFileReference; fileEncoding = 4; lastKnownFileType = sourcecode.c.h; path = INSCirclePullToRefresh.h; sourceTree = "<group>"; };
		752818EE1BCFD20700645B09 /* INSCirclePullToRefresh.m */ = {isa = PBXFileReference; fileEncoding = 4; lastKnownFileType = sourcecode.c.objc; path = INSCirclePullToRefresh.m; sourceTree = "<group>"; };
		752818F11BCFEF1900645B09 /* ArticleStoryQuoteTableViewCell.xib */ = {isa = PBXFileReference; fileEncoding = 4; lastKnownFileType = file.xib; path = ArticleStoryQuoteTableViewCell.xib; sourceTree = "<group>"; };
		752818F31BCFF10C00645B09 /* ArticleStoryQuoteTableViewCell.h */ = {isa = PBXFileReference; fileEncoding = 4; lastKnownFileType = sourcecode.c.h; path = ArticleStoryQuoteTableViewCell.h; sourceTree = "<group>"; };
		752818F41BCFF10C00645B09 /* ArticleStoryQuoteTableViewCell.m */ = {isa = PBXFileReference; fileEncoding = 4; lastKnownFileType = sourcecode.c.objc; path = ArticleStoryQuoteTableViewCell.m; sourceTree = "<group>"; };
		752CC8D51BAF12AE003442DF /* TimeIndicatorView.h */ = {isa = PBXFileReference; fileEncoding = 4; lastKnownFileType = sourcecode.c.h; path = TimeIndicatorView.h; sourceTree = "<group>"; };
		752CC8D61BAF12AE003442DF /* TimeIndicatorView.m */ = {isa = PBXFileReference; fileEncoding = 4; lastKnownFileType = sourcecode.c.objc; path = TimeIndicatorView.m; sourceTree = "<group>"; };
		753C8DAA1BA42F1400D1D7B0 /* ParallaxCell.xib */ = {isa = PBXFileReference; fileEncoding = 4; lastKnownFileType = file.xib; path = ParallaxCell.xib; sourceTree = "<group>"; };
		753C8E151BA59BB400D1D7B0 /* MMParallaxCell.h */ = {isa = PBXFileReference; fileEncoding = 4; lastKnownFileType = sourcecode.c.h; name = MMParallaxCell.h; path = Classes/MMParallaxCell.h; sourceTree = "<group>"; };
		753C8E161BA59BB400D1D7B0 /* MMParallaxCell.m */ = {isa = PBXFileReference; fileEncoding = 4; lastKnownFileType = sourcecode.c.objc; name = MMParallaxCell.m; path = Classes/MMParallaxCell.m; sourceTree = "<group>"; };
		755DD9031BE16A6D00B48E0C /* PFArticle.h */ = {isa = PBXFileReference; fileEncoding = 4; lastKnownFileType = sourcecode.c.h; path = PFArticle.h; sourceTree = "<group>"; };
		755DD9041BE16A6D00B48E0C /* PFArticle.m */ = {isa = PBXFileReference; fileEncoding = 4; lastKnownFileType = sourcecode.c.objc; path = PFArticle.m; sourceTree = "<group>"; };
		75631A7B1C2EA40D00282572 /* ShareUtils.h */ = {isa = PBXFileReference; fileEncoding = 4; lastKnownFileType = sourcecode.c.h; path = ShareUtils.h; sourceTree = "<group>"; };
		75631A7C1C2EA40D00282572 /* ShareUtils.m */ = {isa = PBXFileReference; fileEncoding = 4; lastKnownFileType = sourcecode.c.objc; path = ShareUtils.m; sourceTree = "<group>"; };
		75631A861C2FF48F00282572 /* TwitterAPI.h */ = {isa = PBXFileReference; fileEncoding = 4; lastKnownFileType = sourcecode.c.h; path = TwitterAPI.h; sourceTree = "<group>"; };
		75631A871C2FF48F00282572 /* TwitterAPI.m */ = {isa = PBXFileReference; fileEncoding = 4; lastKnownFileType = sourcecode.c.objc; path = TwitterAPI.m; sourceTree = "<group>"; };
		75631A911C30326500282572 /* SwipeView.h */ = {isa = PBXFileReference; fileEncoding = 4; lastKnownFileType = sourcecode.c.h; path = SwipeView.h; sourceTree = "<group>"; };
		75631A921C30326500282572 /* SwipeView.m */ = {isa = PBXFileReference; fileEncoding = 4; lastKnownFileType = sourcecode.c.objc; path = SwipeView.m; sourceTree = "<group>"; };
		75631A941C30328C00282572 /* ArticleTwitterTableViewCell.h */ = {isa = PBXFileReference; fileEncoding = 4; lastKnownFileType = sourcecode.c.h; path = ArticleTwitterTableViewCell.h; sourceTree = "<group>"; };
		75631A951C30328C00282572 /* ArticleTwitterTableViewCell.m */ = {isa = PBXFileReference; fileEncoding = 4; lastKnownFileType = sourcecode.c.objc; path = ArticleTwitterTableViewCell.m; sourceTree = "<group>"; };
		75631A971C30332800282572 /* ArticleTwitterTableViewCell.xib */ = {isa = PBXFileReference; fileEncoding = 4; lastKnownFileType = file.xib; path = ArticleTwitterTableViewCell.xib; sourceTree = "<group>"; };
		75631A991C30355300282572 /* TwitterBox2.xib */ = {isa = PBXFileReference; fileEncoding = 4; lastKnownFileType = file.xib; path = TwitterBox2.xib; sourceTree = "<group>"; };
		75631A9B1C304F2500282572 /* TwitterBox.xib */ = {isa = PBXFileReference; fileEncoding = 4; lastKnownFileType = file.xib; path = TwitterBox.xib; sourceTree = "<group>"; };
		7568174E1BE4DE5600F254CA /* PFCategory.h */ = {isa = PBXFileReference; fileEncoding = 4; lastKnownFileType = sourcecode.c.h; path = PFCategory.h; sourceTree = "<group>"; };
		7568174F1BE4DE5600F254CA /* PFCategory.m */ = {isa = PBXFileReference; fileEncoding = 4; lastKnownFileType = sourcecode.c.objc; path = PFCategory.m; sourceTree = "<group>"; };
		756817511BE654A200F254CA /* ParseAPI.h */ = {isa = PBXFileReference; fileEncoding = 4; lastKnownFileType = sourcecode.c.h; path = ParseAPI.h; sourceTree = "<group>"; };
		756817521BE654A200F254CA /* ParseAPI.m */ = {isa = PBXFileReference; fileEncoding = 4; lastKnownFileType = sourcecode.c.objc; path = ParseAPI.m; sourceTree = "<group>"; };
		756F7C5B1BA4205E00C46DC6 /* MainTableViewController.h */ = {isa = PBXFileReference; fileEncoding = 4; lastKnownFileType = sourcecode.c.h; path = MainTableViewController.h; sourceTree = "<group>"; };
		756F7C5C1BA4205E00C46DC6 /* MainTableViewController.m */ = {isa = PBXFileReference; fileEncoding = 4; lastKnownFileType = sourcecode.c.objc; path = MainTableViewController.m; sourceTree = "<group>"; };
		7579FE101BA40BE500A42D13 /* Tech Digest.app */ = {isa = PBXFileReference; explicitFileType = wrapper.application; includeInIndex = 0; path = "Tech Digest.app"; sourceTree = BUILT_PRODUCTS_DIR; };
		7579FE141BA40BE500A42D13 /* Info.plist */ = {isa = PBXFileReference; lastKnownFileType = text.plist.xml; path = Info.plist; sourceTree = "<group>"; };
		7579FE151BA40BE500A42D13 /* main.m */ = {isa = PBXFileReference; lastKnownFileType = sourcecode.c.objc; path = main.m; sourceTree = "<group>"; };
		7579FE171BA40BE500A42D13 /* AppDelegate.h */ = {isa = PBXFileReference; lastKnownFileType = sourcecode.c.h; path = AppDelegate.h; sourceTree = "<group>"; };
		7579FE181BA40BE500A42D13 /* AppDelegate.m */ = {isa = PBXFileReference; lastKnownFileType = sourcecode.c.objc; path = AppDelegate.m; sourceTree = "<group>"; };
		7579FE1E1BA40BE500A42D13 /* Base */ = {isa = PBXFileReference; lastKnownFileType = file.storyboard; name = Base; path = Base.lproj/Main.storyboard; sourceTree = "<group>"; };
		7579FE201BA40BE500A42D13 /* Images.xcassets */ = {isa = PBXFileReference; lastKnownFileType = folder.assetcatalog; path = Images.xcassets; sourceTree = "<group>"; };
		7579FE231BA40BE500A42D13 /* Base */ = {isa = PBXFileReference; lastKnownFileType = file.xib; name = Base; path = Base.lproj/LaunchScreen.xib; sourceTree = "<group>"; };
		7579FE291BA40BE500A42D13 /* Tech DigestTests.xctest */ = {isa = PBXFileReference; explicitFileType = wrapper.cfbundle; includeInIndex = 0; path = "Tech DigestTests.xctest"; sourceTree = BUILT_PRODUCTS_DIR; };
		7579FE2E1BA40BE500A42D13 /* Info.plist */ = {isa = PBXFileReference; lastKnownFileType = text.plist.xml; path = Info.plist; sourceTree = "<group>"; };
		7579FE2F1BA40BE500A42D13 /* Tech_DigestTests.m */ = {isa = PBXFileReference; lastKnownFileType = sourcecode.c.objc; path = Tech_DigestTests.m; sourceTree = "<group>"; };
		757E20D91C25DD600064ACA7 /* Tech Digest.entitlements */ = {isa = PBXFileReference; lastKnownFileType = text.xml; path = "Tech Digest.entitlements"; sourceTree = "<group>"; };
		758ACCF21BB1C90900E884F9 /* InsetUILabel.h */ = {isa = PBXFileReference; fileEncoding = 4; lastKnownFileType = sourcecode.c.h; path = InsetUILabel.h; sourceTree = "<group>"; };
		758ACCF31BB1C90900E884F9 /* InsetUILabel.m */ = {isa = PBXFileReference; fileEncoding = 4; lastKnownFileType = sourcecode.c.objc; path = InsetUILabel.m; sourceTree = "<group>"; };
		75F733F61C04FD9C001C54EA /* MWPhotoBrowserCustom.h */ = {isa = PBXFileReference; fileEncoding = 4; lastKnownFileType = sourcecode.c.h; path = MWPhotoBrowserCustom.h; sourceTree = "<group>"; };
		75F733F71C04FD9C001C54EA /* MWPhotoBrowserCustom.m */ = {isa = PBXFileReference; fileEncoding = 4; lastKnownFileType = sourcecode.c.objc; path = MWPhotoBrowserCustom.m; sourceTree = "<group>"; };
		75F733FA1C05011F001C54EA /* DateUtils.h */ = {isa = PBXFileReference; fileEncoding = 4; lastKnownFileType = sourcecode.c.h; path = DateUtils.h; sourceTree = "<group>"; };
		75F733FB1C05011F001C54EA /* DateUtils.m */ = {isa = PBXFileReference; fileEncoding = 4; lastKnownFileType = sourcecode.c.objc; path = DateUtils.m; sourceTree = "<group>"; };
		75F86D701BED338C000B580D /* FTHTTPCodes.h */ = {isa = PBXFileReference; fileEncoding = 4; lastKnownFileType = sourcecode.c.h; path = FTHTTPCodes.h; sourceTree = "<group>"; };
		75F86D711BED338C000B580D /* FTHTTPCodes.m */ = {isa = PBXFileReference; fileEncoding = 4; lastKnownFileType = sourcecode.c.objc; path = FTHTTPCodes.m; sourceTree = "<group>"; };
		75F86D751BEE7601000B580D /* NSUserDefaultsUtils.h */ = {isa = PBXFileReference; fileEncoding = 4; lastKnownFileType = sourcecode.c.h; path = NSUserDefaultsUtils.h; sourceTree = "<group>"; };
		75F86D761BEE7601000B580D /* NSUserDefaultsUtils.m */ = {isa = PBXFileReference; fileEncoding = 4; lastKnownFileType = sourcecode.c.objc; path = NSUserDefaultsUtils.m; sourceTree = "<group>"; };
		75FB61C01BCF8FF60057E478 /* CategoryColors.h */ = {isa = PBXFileReference; fileEncoding = 4; lastKnownFileType = sourcecode.c.h; path = CategoryColors.h; sourceTree = "<group>"; };
		75FB61C11BCF8FF60057E478 /* CategoryColors.m */ = {isa = PBXFileReference; fileEncoding = 4; lastKnownFileType = sourcecode.c.objc; path = CategoryColors.m; sourceTree = "<group>"; };
		7ADAB0C08BBD365E1B40A3D9 /* libPods.a */ = {isa = PBXFileReference; explicitFileType = archive.ar; includeInIndex = 0; path = libPods.a; sourceTree = BUILT_PRODUCTS_DIR; };
		B0A48205897812622544C904 /* Pods.release.xcconfig */ = {isa = PBXFileReference; includeInIndex = 1; lastKnownFileType = text.xcconfig; name = Pods.release.xcconfig; path = "Pods/Target Support Files/Pods/Pods.release.xcconfig"; sourceTree = "<group>"; };
/* End PBXFileReference section */

/* Begin PBXFrameworksBuildPhase section */
		7579FE0D1BA40BE500A42D13 /* Frameworks */ = {
			isa = PBXFrameworksBuildPhase;
			buildActionMask = 2147483647;
			files = (
				2F7A4D38BB6B0D66874A3B92 /* libPods.a in Frameworks */,
			);
			runOnlyForDeploymentPostprocessing = 0;
		};
		7579FE261BA40BE500A42D13 /* Frameworks */ = {
			isa = PBXFrameworksBuildPhase;
			buildActionMask = 2147483647;
			files = (
			);
			runOnlyForDeploymentPostprocessing = 0;
		};
/* End PBXFrameworksBuildPhase section */

/* Begin PBXGroup section */
		16A89C3A0C1F3A42FB269EC8 /* Pods */ = {
			isa = PBXGroup;
			children = (
				74DFD559C0929DE26976AE86 /* Pods.debug.xcconfig */,
				B0A48205897812622544C904 /* Pods.release.xcconfig */,
			);
			name = Pods;
			sourceTree = "<group>";
		};
		750229C31BB3F36B00AB1006 /* Custom Views */ = {
			isa = PBXGroup;
			children = (
				75631A911C30326500282572 /* SwipeView.h */,
				75631A921C30326500282572 /* SwipeView.m */,
				75631A941C30328C00282572 /* ArticleTwitterTableViewCell.h */,
				75631A951C30328C00282572 /* ArticleTwitterTableViewCell.m */,
				75F733F91C050050001C54EA /* MWPhotoBrowser */,
				752818E91BCFD1DD00645B09 /* INSPullToRefresh */,
				75FB61BC1BCF8D290057E478 /* Category Colors */,
				750229CF1BB4086E00AB1006 /* ArticlePage */,
				750229C41BB3F3A300AB1006 /* InsetUILabel */,
				753C8E131BA59BB400D1D7B0 /* MMParallaxCell */,
				752CC8D41BAF128B003442DF /* TimeIndicator */,
			);
			name = "Custom Views";
			sourceTree = "<group>";
		};
		750229C41BB3F3A300AB1006 /* InsetUILabel */ = {
			isa = PBXGroup;
			children = (
				758ACCF21BB1C90900E884F9 /* InsetUILabel.h */,
				758ACCF31BB1C90900E884F9 /* InsetUILabel.m */,
			);
			name = InsetUILabel;
			sourceTree = "<group>";
		};
		750229CF1BB4086E00AB1006 /* ArticlePage */ = {
			isa = PBXGroup;
			children = (
				750229D01BB4087E00AB1006 /* ArticleCategoryAndTitleTableViewCell.h */,
				750229D11BB4087E00AB1006 /* ArticleCategoryAndTitleTableViewCell.m */,
				750229D51BB43E1200AB1006 /* ArticleStoryTableViewCell.h */,
				750229D61BB43E1200AB1006 /* ArticleStoryTableViewCell.m */,
				752818F31BCFF10C00645B09 /* ArticleStoryQuoteTableViewCell.h */,
				752818F41BCFF10C00645B09 /* ArticleStoryQuoteTableViewCell.m */,
				750E22551BD1910100EE3EC3 /* ArticleReferenceTableViewCell.h */,
				750E22561BD1910100EE3EC3 /* ArticleReferenceTableViewCell.m */,
			);
			name = ArticlePage;
			sourceTree = "<group>";
		};
		750E22541BD1905500EE3EC3 /* ArticleStory */ = {
			isa = PBXGroup;
			children = (
				750229D31BB418D600AB1006 /* ArticleCategoryAndTitle.xib */,
				750229D81BB43E4100AB1006 /* ArticleStoryTableViewCell.xib */,
				752818F11BCFEF1900645B09 /* ArticleStoryQuoteTableViewCell.xib */,
				750E22521BD1904C00EE3EC3 /* ArticleReferenceTableViewCell.xib */,
				75631A971C30332800282572 /* ArticleTwitterTableViewCell.xib */,
				75631A991C30355300282572 /* TwitterBox2.xib */,
				75631A9B1C304F2500282572 /* TwitterBox.xib */,
			);
			name = ArticleStory;
			sourceTree = "<group>";
		};
		7517592F1BD244A500982606 /* Twitter */ = {
			isa = PBXGroup;
			children = (
				751759301BD244A500982606 /* INSTwitterPullToRefresh.h */,
				751759311BD244A500982606 /* INSTwitterPullToRefresh.m */,
			);
			path = Twitter;
			sourceTree = "<group>";
		};
		752818E91BCFD1DD00645B09 /* INSPullToRefresh */ = {
			isa = PBXGroup;
			children = (
				7517592F1BD244A500982606 /* Twitter */,
				752818EA1BCFD20700645B09 /* Circle */,
			);
			name = INSPullToRefresh;
			sourceTree = "<group>";
		};
		752818EA1BCFD20700645B09 /* Circle */ = {
			isa = PBXGroup;
			children = (
				752818EB1BCFD20700645B09 /* INSCircleInfiniteIndicator.h */,
				752818EC1BCFD20700645B09 /* INSCircleInfiniteIndicator.m */,
				752818ED1BCFD20700645B09 /* INSCirclePullToRefresh.h */,
				752818EE1BCFD20700645B09 /* INSCirclePullToRefresh.m */,
			);
			path = Circle;
			sourceTree = "<group>";
		};
		752CC8D41BAF128B003442DF /* TimeIndicator */ = {
			isa = PBXGroup;
			children = (
				752CC8D51BAF12AE003442DF /* TimeIndicatorView.h */,
				752CC8D61BAF12AE003442DF /* TimeIndicatorView.m */,
			);
			name = TimeIndicator;
			sourceTree = "<group>";
		};
		753C8DAC1BA47F3400D1D7B0 /* Resources */ = {
			isa = PBXGroup;
			children = (
			);
			name = Resources;
			sourceTree = "<group>";
		};
		753C8E131BA59BB400D1D7B0 /* MMParallaxCell */ = {
			isa = PBXGroup;
			children = (
				753C8E151BA59BB400D1D7B0 /* MMParallaxCell.h */,
				753C8E161BA59BB400D1D7B0 /* MMParallaxCell.m */,
			);
			path = MMParallaxCell;
			sourceTree = "<group>";
		};
		755DD9021BE1694700B48E0C /* Models */ = {
			isa = PBXGroup;
			children = (
				755DD9031BE16A6D00B48E0C /* PFArticle.h */,
				755DD9041BE16A6D00B48E0C /* PFArticle.m */,
				7568174E1BE4DE5600F254CA /* PFCategory.h */,
				7568174F1BE4DE5600F254CA /* PFCategory.m */,
			);
			name = Models;
			sourceTree = "<group>";
		};
		75631A851C2FF47900282572 /* Twitter */ = {
			isa = PBXGroup;
			children = (
				75631A861C2FF48F00282572 /* TwitterAPI.h */,
				75631A871C2FF48F00282572 /* TwitterAPI.m */,
			);
			name = Twitter;
			sourceTree = "<group>";
		};
		7579FE071BA40BE500A42D13 = {
			isa = PBXGroup;
			children = (
				7579FE121BA40BE500A42D13 /* Tech Digest */,
				7579FE2C1BA40BE500A42D13 /* Tech DigestTests */,
				7579FE111BA40BE500A42D13 /* Products */,
				16A89C3A0C1F3A42FB269EC8 /* Pods */,
				9181952375CF850A735D365C /* Frameworks */,
			);
			sourceTree = "<group>";
		};
		7579FE111BA40BE500A42D13 /* Products */ = {
			isa = PBXGroup;
			children = (
				7579FE101BA40BE500A42D13 /* Tech Digest.app */,
				7579FE291BA40BE500A42D13 /* Tech DigestTests.xctest */,
			);
			name = Products;
			sourceTree = "<group>";
		};
		7579FE121BA40BE500A42D13 /* Tech Digest */ = {
			isa = PBXGroup;
			children = (
				757E20D91C25DD600064ACA7 /* Tech Digest.entitlements */,
				75F86D6F1BED3382000B580D /* Utils */,
				75631A851C2FF47900282572 /* Twitter */,
				75C0BA561BDD2C6B0098EE69 /* Parse */,
				750229C31BB3F36B00AB1006 /* Custom Views */,
				7579FE171BA40BE500A42D13 /* AppDelegate.h */,
				7579FE181BA40BE500A42D13 /* AppDelegate.m */,
				756F7C5B1BA4205E00C46DC6 /* MainTableViewController.h */,
				756F7C5C1BA4205E00C46DC6 /* MainTableViewController.m */,
				750229C81BB3F65A00AB1006 /* ArticleViewController.h */,
				750229C91BB3F65A00AB1006 /* ArticleViewController.m */,
				7579FE1D1BA40BE500A42D13 /* Main.storyboard */,
				753C8DAA1BA42F1400D1D7B0 /* ParallaxCell.xib */,
				7579FE221BA40BE500A42D13 /* LaunchScreen.xib */,
				750E22541BD1905500EE3EC3 /* ArticleStory */,
				7579FE201BA40BE500A42D13 /* Images.xcassets */,
				753C8DAC1BA47F3400D1D7B0 /* Resources */,
				7579FE131BA40BE500A42D13 /* Supporting Files */,
			);
			path = "Tech Digest";
			sourceTree = "<group>";
		};
		7579FE131BA40BE500A42D13 /* Supporting Files */ = {
			isa = PBXGroup;
			children = (
				7579FE141BA40BE500A42D13 /* Info.plist */,
				7579FE151BA40BE500A42D13 /* main.m */,
			);
			name = "Supporting Files";
			sourceTree = "<group>";
		};
		7579FE2C1BA40BE500A42D13 /* Tech DigestTests */ = {
			isa = PBXGroup;
			children = (
				7579FE2F1BA40BE500A42D13 /* Tech_DigestTests.m */,
				7579FE2D1BA40BE500A42D13 /* Supporting Files */,
			);
			path = "Tech DigestTests";
			sourceTree = "<group>";
		};
		7579FE2D1BA40BE500A42D13 /* Supporting Files */ = {
			isa = PBXGroup;
			children = (
				7579FE2E1BA40BE500A42D13 /* Info.plist */,
			);
			name = "Supporting Files";
			sourceTree = "<group>";
		};
		75C0BA561BDD2C6B0098EE69 /* Parse */ = {
			isa = PBXGroup;
			children = (
				756817511BE654A200F254CA /* ParseAPI.h */,
				756817521BE654A200F254CA /* ParseAPI.m */,
				755DD9021BE1694700B48E0C /* Models */,
			);
			name = Parse;
			sourceTree = "<group>";
		};
		75F733F91C050050001C54EA /* MWPhotoBrowser */ = {
			isa = PBXGroup;
			children = (
				75F733F61C04FD9C001C54EA /* MWPhotoBrowserCustom.h */,
				75F733F71C04FD9C001C54EA /* MWPhotoBrowserCustom.m */,
			);
			name = MWPhotoBrowser;
			sourceTree = "<group>";
		};
		75F86D6F1BED3382000B580D /* Utils */ = {
			isa = PBXGroup;
			children = (
				75F86D701BED338C000B580D /* FTHTTPCodes.h */,
				75F86D711BED338C000B580D /* FTHTTPCodes.m */,
				75F86D751BEE7601000B580D /* NSUserDefaultsUtils.h */,
				75F86D761BEE7601000B580D /* NSUserDefaultsUtils.m */,
				75F733FA1C05011F001C54EA /* DateUtils.h */,
				75F733FB1C05011F001C54EA /* DateUtils.m */,
				75631A7B1C2EA40D00282572 /* ShareUtils.h */,
				75631A7C1C2EA40D00282572 /* ShareUtils.m */,
			);
			name = Utils;
			sourceTree = "<group>";
		};
		75FB61BC1BCF8D290057E478 /* Category Colors */ = {
			isa = PBXGroup;
			children = (
				75FB61C01BCF8FF60057E478 /* CategoryColors.h */,
				75FB61C11BCF8FF60057E478 /* CategoryColors.m */,
			);
			name = "Category Colors";
			sourceTree = "<group>";
		};
		9181952375CF850A735D365C /* Frameworks */ = {
			isa = PBXGroup;
			children = (
				7ADAB0C08BBD365E1B40A3D9 /* libPods.a */,
			);
			name = Frameworks;
			sourceTree = "<group>";
		};
/* End PBXGroup section */

/* Begin PBXNativeTarget section */
		7579FE0F1BA40BE500A42D13 /* Tech Digest */ = {
			isa = PBXNativeTarget;
			buildConfigurationList = 7579FE331BA40BE500A42D13 /* Build configuration list for PBXNativeTarget "Tech Digest" */;
			buildPhases = (
				70F21190D3F981DAA9AC7335 /* Check Pods Manifest.lock */,
				7579FE0C1BA40BE500A42D13 /* Sources */,
				7579FE0D1BA40BE500A42D13 /* Frameworks */,
				7579FE0E1BA40BE500A42D13 /* Resources */,
				0C0FFB1758EE9859B9D78204 /* Copy Pods Resources */,
				8CF40EB2AAD0AE5DDE7ED619 /* Embed Pods Frameworks */,
			);
			buildRules = (
			);
			dependencies = (
			);
			name = "Tech Digest";
			productName = "Tech Digest";
			productReference = 7579FE101BA40BE500A42D13 /* Tech Digest.app */;
			productType = "com.apple.product-type.application";
		};
		7579FE281BA40BE500A42D13 /* Tech DigestTests */ = {
			isa = PBXNativeTarget;
			buildConfigurationList = 7579FE361BA40BE500A42D13 /* Build configuration list for PBXNativeTarget "Tech DigestTests" */;
			buildPhases = (
				7579FE251BA40BE500A42D13 /* Sources */,
				7579FE261BA40BE500A42D13 /* Frameworks */,
				7579FE271BA40BE500A42D13 /* Resources */,
			);
			buildRules = (
			);
			dependencies = (
				7579FE2B1BA40BE500A42D13 /* PBXTargetDependency */,
			);
			name = "Tech DigestTests";
			productName = "Tech DigestTests";
			productReference = 7579FE291BA40BE500A42D13 /* Tech DigestTests.xctest */;
			productType = "com.apple.product-type.bundle.unit-test";
		};
/* End PBXNativeTarget section */

/* Begin PBXProject section */
		7579FE081BA40BE500A42D13 /* Project object */ = {
			isa = PBXProject;
			attributes = {
				LastUpgradeCheck = 0700;
				ORGANIZATIONNAME = "Robert Varga";
				TargetAttributes = {
					7579FE0F1BA40BE500A42D13 = {
						CreatedOnToolsVersion = 6.4;
						DevelopmentTeam = 2U4S34TN3K;
						SystemCapabilities = {
							com.apple.BackgroundModes = {
								enabled = 1;
							};
							com.apple.SafariKeychain = {
								enabled = 1;
							};
						};
					};
					7579FE281BA40BE500A42D13 = {
						CreatedOnToolsVersion = 6.4;
						TestTargetID = 7579FE0F1BA40BE500A42D13;
					};
				};
			};
			buildConfigurationList = 7579FE0B1BA40BE500A42D13 /* Build configuration list for PBXProject "Tech Digest" */;
			compatibilityVersion = "Xcode 3.2";
			developmentRegion = English;
			hasScannedForEncodings = 0;
			knownRegions = (
				en,
				Base,
			);
			mainGroup = 7579FE071BA40BE500A42D13;
			productRefGroup = 7579FE111BA40BE500A42D13 /* Products */;
			projectDirPath = "";
			projectRoot = "";
			targets = (
				7579FE0F1BA40BE500A42D13 /* Tech Digest */,
				7579FE281BA40BE500A42D13 /* Tech DigestTests */,
			);
		};
/* End PBXProject section */

/* Begin PBXResourcesBuildPhase section */
		7579FE0E1BA40BE500A42D13 /* Resources */ = {
			isa = PBXResourcesBuildPhase;
			buildActionMask = 2147483647;
			files = (
				752818F21BCFEF1900645B09 /* ArticleStoryQuoteTableViewCell.xib in Resources */,
				75631A9C1C304F2500282572 /* TwitterBox.xib in Resources */,
				75631A981C30332800282572 /* ArticleTwitterTableViewCell.xib in Resources */,
				7579FE1F1BA40BE500A42D13 /* Main.storyboard in Resources */,
				750229D91BB43E4100AB1006 /* ArticleStoryTableViewCell.xib in Resources */,
				7579FE241BA40BE500A42D13 /* LaunchScreen.xib in Resources */,
				750E22531BD1904C00EE3EC3 /* ArticleReferenceTableViewCell.xib in Resources */,
				753C8DAB1BA42F1400D1D7B0 /* ParallaxCell.xib in Resources */,
				75631A9A1C30355300282572 /* TwitterBox2.xib in Resources */,
				750229D41BB418D600AB1006 /* ArticleCategoryAndTitle.xib in Resources */,
				7579FE211BA40BE500A42D13 /* Images.xcassets in Resources */,
			);
			runOnlyForDeploymentPostprocessing = 0;
		};
		7579FE271BA40BE500A42D13 /* Resources */ = {
			isa = PBXResourcesBuildPhase;
			buildActionMask = 2147483647;
			files = (
			);
			runOnlyForDeploymentPostprocessing = 0;
		};
/* End PBXResourcesBuildPhase section */

/* Begin PBXShellScriptBuildPhase section */
		0C0FFB1758EE9859B9D78204 /* Copy Pods Resources */ = {
			isa = PBXShellScriptBuildPhase;
			buildActionMask = 2147483647;
			files = (
			);
			inputPaths = (
			);
			name = "Copy Pods Resources";
			outputPaths = (
			);
			runOnlyForDeploymentPostprocessing = 0;
			shellPath = /bin/sh;
			shellScript = "\"${SRCROOT}/Pods/Target Support Files/Pods/Pods-resources.sh\"\n";
			showEnvVarsInLog = 0;
		};
		70F21190D3F981DAA9AC7335 /* Check Pods Manifest.lock */ = {
			isa = PBXShellScriptBuildPhase;
			buildActionMask = 2147483647;
			files = (
			);
			inputPaths = (
			);
			name = "Check Pods Manifest.lock";
			outputPaths = (
			);
			runOnlyForDeploymentPostprocessing = 0;
			shellPath = /bin/sh;
			shellScript = "diff \"${PODS_ROOT}/../Podfile.lock\" \"${PODS_ROOT}/Manifest.lock\" > /dev/null\nif [[ $? != 0 ]] ; then\n    cat << EOM\nerror: The sandbox is not in sync with the Podfile.lock. Run 'pod install' or update your CocoaPods installation.\nEOM\n    exit 1\nfi\n";
			showEnvVarsInLog = 0;
		};
		8CF40EB2AAD0AE5DDE7ED619 /* Embed Pods Frameworks */ = {
			isa = PBXShellScriptBuildPhase;
			buildActionMask = 2147483647;
			files = (
			);
			inputPaths = (
			);
			name = "Embed Pods Frameworks";
			outputPaths = (
			);
			runOnlyForDeploymentPostprocessing = 0;
			shellPath = /bin/sh;
			shellScript = "\"${SRCROOT}/Pods/Target Support Files/Pods/Pods-frameworks.sh\"\n";
			showEnvVarsInLog = 0;
		};
/* End PBXShellScriptBuildPhase section */

/* Begin PBXSourcesBuildPhase section */
		7579FE0C1BA40BE500A42D13 /* Sources */ = {
			isa = PBXSourcesBuildPhase;
			buildActionMask = 2147483647;
			files = (
				750E22571BD1910100EE3EC3 /* ArticleReferenceTableViewCell.m in Sources */,
				75F86D771BEE7601000B580D /* NSUserDefaultsUtils.m in Sources */,
				75631A961C30328C00282572 /* ArticleTwitterTableViewCell.m in Sources */,
				750229D71BB43E1200AB1006 /* ArticleStoryTableViewCell.m in Sources */,
				752818F51BCFF10C00645B09 /* ArticleStoryQuoteTableViewCell.m in Sources */,
				75631A881C2FF48F00282572 /* TwitterAPI.m in Sources */,
				758ACCF41BB1C90900E884F9 /* InsetUILabel.m in Sources */,
				75F733FC1C05011F001C54EA /* DateUtils.m in Sources */,
				752CC8D71BAF12AE003442DF /* TimeIndicatorView.m in Sources */,
				756817501BE4DE5600F254CA /* PFCategory.m in Sources */,
				75631A931C30326500282572 /* SwipeView.m in Sources */,
				756F7C5D1BA4205E00C46DC6 /* MainTableViewController.m in Sources */,
				75FB61C21BCF8FF60057E478 /* CategoryColors.m in Sources */,
				753C8E191BA59BB400D1D7B0 /* MMParallaxCell.m in Sources */,
				750229D21BB4087E00AB1006 /* ArticleCategoryAndTitleTableViewCell.m in Sources */,
				75F86D721BED338C000B580D /* FTHTTPCodes.m in Sources */,
				752818F01BCFD20700645B09 /* INSCirclePullToRefresh.m in Sources */,
				750229CA1BB3F65A00AB1006 /* ArticleViewController.m in Sources */,
				75631A7D1C2EA40D00282572 /* ShareUtils.m in Sources */,
				752818EF1BCFD20700645B09 /* INSCircleInfiniteIndicator.m in Sources */,
				756817531BE654A200F254CA /* ParseAPI.m in Sources */,
				751759321BD244A500982606 /* INSTwitterPullToRefresh.m in Sources */,
				755DD9051BE16A6D00B48E0C /* PFArticle.m in Sources */,
				7579FE191BA40BE500A42D13 /* AppDelegate.m in Sources */,
				7579FE161BA40BE500A42D13 /* main.m in Sources */,
				75F733F81C04FD9C001C54EA /* MWPhotoBrowserCustom.m in Sources */,
			);
			runOnlyForDeploymentPostprocessing = 0;
		};
		7579FE251BA40BE500A42D13 /* Sources */ = {
			isa = PBXSourcesBuildPhase;
			buildActionMask = 2147483647;
			files = (
				7579FE301BA40BE500A42D13 /* Tech_DigestTests.m in Sources */,
			);
			runOnlyForDeploymentPostprocessing = 0;
		};
/* End PBXSourcesBuildPhase section */

/* Begin PBXTargetDependency section */
		7579FE2B1BA40BE500A42D13 /* PBXTargetDependency */ = {
			isa = PBXTargetDependency;
			target = 7579FE0F1BA40BE500A42D13 /* Tech Digest */;
			targetProxy = 7579FE2A1BA40BE500A42D13 /* PBXContainerItemProxy */;
		};
/* End PBXTargetDependency section */

/* Begin PBXVariantGroup section */
		7579FE1D1BA40BE500A42D13 /* Main.storyboard */ = {
			isa = PBXVariantGroup;
			children = (
				7579FE1E1BA40BE500A42D13 /* Base */,
			);
			name = Main.storyboard;
			sourceTree = "<group>";
		};
		7579FE221BA40BE500A42D13 /* LaunchScreen.xib */ = {
			isa = PBXVariantGroup;
			children = (
				7579FE231BA40BE500A42D13 /* Base */,
			);
			name = LaunchScreen.xib;
			sourceTree = "<group>";
		};
/* End PBXVariantGroup section */

/* Begin XCBuildConfiguration section */
		7579FE311BA40BE500A42D13 /* Debug */ = {
			isa = XCBuildConfiguration;
			buildSettings = {
				ALWAYS_SEARCH_USER_PATHS = NO;
				CLANG_CXX_LANGUAGE_STANDARD = "gnu++0x";
				CLANG_CXX_LIBRARY = "libc++";
				CLANG_ENABLE_MODULES = YES;
				CLANG_ENABLE_OBJC_ARC = YES;
				CLANG_WARN_BOOL_CONVERSION = YES;
				CLANG_WARN_CONSTANT_CONVERSION = YES;
				CLANG_WARN_DIRECT_OBJC_ISA_USAGE = YES_ERROR;
				CLANG_WARN_EMPTY_BODY = YES;
				CLANG_WARN_ENUM_CONVERSION = YES;
				CLANG_WARN_INT_CONVERSION = YES;
				CLANG_WARN_OBJC_ROOT_CLASS = YES_ERROR;
				CLANG_WARN_UNREACHABLE_CODE = YES;
				CLANG_WARN__DUPLICATE_METHOD_MATCH = YES;
				"CODE_SIGN_IDENTITY[sdk=iphoneos*]" = "iPhone Developer";
				COPY_PHASE_STRIP = NO;
				DEBUG_INFORMATION_FORMAT = "dwarf-with-dsym";
				ENABLE_STRICT_OBJC_MSGSEND = YES;
				ENABLE_TESTABILITY = YES;
				GCC_C_LANGUAGE_STANDARD = gnu99;
				GCC_DYNAMIC_NO_PIC = NO;
				GCC_NO_COMMON_BLOCKS = YES;
				GCC_OPTIMIZATION_LEVEL = 0;
				GCC_PREPROCESSOR_DEFINITIONS = (
					"DEBUG=1",
					"$(inherited)",
				);
				GCC_SYMBOLS_PRIVATE_EXTERN = NO;
				GCC_WARN_64_TO_32_BIT_CONVERSION = YES;
				GCC_WARN_ABOUT_RETURN_TYPE = YES_ERROR;
				GCC_WARN_UNDECLARED_SELECTOR = YES;
				GCC_WARN_UNINITIALIZED_AUTOS = YES_AGGRESSIVE;
				GCC_WARN_UNUSED_FUNCTION = YES;
				GCC_WARN_UNUSED_VARIABLE = YES;
				IPHONEOS_DEPLOYMENT_TARGET = 9.0;
				MTL_ENABLE_DEBUG_INFO = YES;
				ONLY_ACTIVE_ARCH = YES;
				SDKROOT = iphoneos;
			};
			name = Debug;
		};
		7579FE321BA40BE500A42D13 /* Release */ = {
			isa = XCBuildConfiguration;
			buildSettings = {
				ALWAYS_SEARCH_USER_PATHS = NO;
				CLANG_CXX_LANGUAGE_STANDARD = "gnu++0x";
				CLANG_CXX_LIBRARY = "libc++";
				CLANG_ENABLE_MODULES = YES;
				CLANG_ENABLE_OBJC_ARC = YES;
				CLANG_WARN_BOOL_CONVERSION = YES;
				CLANG_WARN_CONSTANT_CONVERSION = YES;
				CLANG_WARN_DIRECT_OBJC_ISA_USAGE = YES_ERROR;
				CLANG_WARN_EMPTY_BODY = YES;
				CLANG_WARN_ENUM_CONVERSION = YES;
				CLANG_WARN_INT_CONVERSION = YES;
				CLANG_WARN_OBJC_ROOT_CLASS = YES_ERROR;
				CLANG_WARN_UNREACHABLE_CODE = YES;
				CLANG_WARN__DUPLICATE_METHOD_MATCH = YES;
				"CODE_SIGN_IDENTITY[sdk=iphoneos*]" = "iPhone Developer";
				COPY_PHASE_STRIP = NO;
				DEBUG_INFORMATION_FORMAT = "dwarf-with-dsym";
				ENABLE_NS_ASSERTIONS = NO;
				ENABLE_STRICT_OBJC_MSGSEND = YES;
				GCC_C_LANGUAGE_STANDARD = gnu99;
				GCC_NO_COMMON_BLOCKS = YES;
				GCC_WARN_64_TO_32_BIT_CONVERSION = YES;
				GCC_WARN_ABOUT_RETURN_TYPE = YES_ERROR;
				GCC_WARN_UNDECLARED_SELECTOR = YES;
				GCC_WARN_UNINITIALIZED_AUTOS = YES_AGGRESSIVE;
				GCC_WARN_UNUSED_FUNCTION = YES;
				GCC_WARN_UNUSED_VARIABLE = YES;
				IPHONEOS_DEPLOYMENT_TARGET = 9.0;
				MTL_ENABLE_DEBUG_INFO = NO;
				SDKROOT = iphoneos;
				VALIDATE_PRODUCT = YES;
			};
			name = Release;
		};
		7579FE341BA40BE500A42D13 /* Debug */ = {
			isa = XCBuildConfiguration;
			baseConfigurationReference = 74DFD559C0929DE26976AE86 /* Pods.debug.xcconfig */;
			buildSettings = {
				ASSETCATALOG_COMPILER_APPICON_NAME = AppIcon;
				CODE_SIGN_ENTITLEMENTS = "Tech Digest/Tech Digest.entitlements";
				CODE_SIGN_IDENTITY = "iPhone Developer";
				"CODE_SIGN_IDENTITY[sdk=iphoneos*]" = "iPhone Developer";
				INFOPLIST_FILE = "Tech Digest/Info.plist";
				IPHONEOS_DEPLOYMENT_TARGET = 9.0;
				LD_RUNPATH_SEARCH_PATHS = "$(inherited) @executable_path/Frameworks";
				PRODUCT_BUNDLE_IDENTIFIER = "com.robertvarga.$(PRODUCT_NAME:rfc1034identifier)";
				PRODUCT_NAME = "$(TARGET_NAME)";
				PROVISIONING_PROFILE = "";
			};
			name = Debug;
		};
		7579FE351BA40BE500A42D13 /* Release */ = {
			isa = XCBuildConfiguration;
			baseConfigurationReference = B0A48205897812622544C904 /* Pods.release.xcconfig */;
			buildSettings = {
				ASSETCATALOG_COMPILER_APPICON_NAME = AppIcon;
				CODE_SIGN_ENTITLEMENTS = "Tech Digest/Tech Digest.entitlements";
				CODE_SIGN_IDENTITY = "iPhone Developer";
				"CODE_SIGN_IDENTITY[sdk=iphoneos*]" = "iPhone Developer";
				INFOPLIST_FILE = "Tech Digest/Info.plist";
				IPHONEOS_DEPLOYMENT_TARGET = 9.0;
				LD_RUNPATH_SEARCH_PATHS = "$(inherited) @executable_path/Frameworks";
				PRODUCT_BUNDLE_IDENTIFIER = "com.robertvarga.$(PRODUCT_NAME:rfc1034identifier)";
				PRODUCT_NAME = "$(TARGET_NAME)";
				PROVISIONING_PROFILE = "";
			};
			name = Release;
		};
		7579FE371BA40BE500A42D13 /* Debug */ = {
			isa = XCBuildConfiguration;
			buildSettings = {
				BUNDLE_LOADER = "$(TEST_HOST)";
				GCC_PREPROCESSOR_DEFINITIONS = (
					"DEBUG=1",
					"$(inherited)",
				);
				INFOPLIST_FILE = "Tech DigestTests/Info.plist";
				LD_RUNPATH_SEARCH_PATHS = "$(inherited) @executable_path/Frameworks @loader_path/Frameworks";
				PRODUCT_BUNDLE_IDENTIFIER = "com.robertvarga.$(PRODUCT_NAME:rfc1034identifier)";
				PRODUCT_NAME = "$(TARGET_NAME)";
				TEST_HOST = "$(BUILT_PRODUCTS_DIR)/Tech Digest.app/Tech Digest";
			};
			name = Debug;
		};
		7579FE381BA40BE500A42D13 /* Release */ = {
			isa = XCBuildConfiguration;
			buildSettings = {
				BUNDLE_LOADER = "$(TEST_HOST)";
				INFOPLIST_FILE = "Tech DigestTests/Info.plist";
				LD_RUNPATH_SEARCH_PATHS = "$(inherited) @executable_path/Frameworks @loader_path/Frameworks";
				PRODUCT_BUNDLE_IDENTIFIER = "com.robertvarga.$(PRODUCT_NAME:rfc1034identifier)";
				PRODUCT_NAME = "$(TARGET_NAME)";
				TEST_HOST = "$(BUILT_PRODUCTS_DIR)/Tech Digest.app/Tech Digest";
			};
			name = Release;
		};
/* End XCBuildConfiguration section */

/* Begin XCConfigurationList section */
		7579FE0B1BA40BE500A42D13 /* Build configuration list for PBXProject "Tech Digest" */ = {
			isa = XCConfigurationList;
			buildConfigurations = (
				7579FE311BA40BE500A42D13 /* Debug */,
				7579FE321BA40BE500A42D13 /* Release */,
			);
			defaultConfigurationIsVisible = 0;
			defaultConfigurationName = Release;
		};
		7579FE331BA40BE500A42D13 /* Build configuration list for PBXNativeTarget "Tech Digest" */ = {
			isa = XCConfigurationList;
			buildConfigurations = (
				7579FE341BA40BE500A42D13 /* Debug */,
				7579FE351BA40BE500A42D13 /* Release */,
			);
			defaultConfigurationIsVisible = 0;
			defaultConfigurationName = Release;
		};
		7579FE361BA40BE500A42D13 /* Build configuration list for PBXNativeTarget "Tech DigestTests" */ = {
			isa = XCConfigurationList;
			buildConfigurations = (
				7579FE371BA40BE500A42D13 /* Debug */,
				7579FE381BA40BE500A42D13 /* Release */,
			);
			defaultConfigurationIsVisible = 0;
			defaultConfigurationName = Release;
		};
/* End XCConfigurationList section */
	};
	rootObject = 7579FE081BA40BE500A42D13 /* Project object */;
}
