// !$*UTF8*$!
{
	archiveVersion = 1;
	classes = {
	};
	objectVersion = 46;
	objects = {

/* Begin PBXBuildFile section */
		7579FE161BA40BE500A42D13 /* main.m in Sources */ = {isa = PBXBuildFile; fileRef = 7579FE151BA40BE500A42D13 /* main.m */; };
		7579FE191BA40BE500A42D13 /* AppDelegate.m in Sources */ = {isa = PBXBuildFile; fileRef = 7579FE181BA40BE500A42D13 /* AppDelegate.m */; };
		7579FE1C1BA40BE500A42D13 /* ViewController.m in Sources */ = {isa = PBXBuildFile; fileRef = 7579FE1B1BA40BE500A42D13 /* ViewController.m */; };
		7579FE1F1BA40BE500A42D13 /* Main.storyboard in Resources */ = {isa = PBXBuildFile; fileRef = 7579FE1D1BA40BE500A42D13 /* Main.storyboard */; };
		7579FE211BA40BE500A42D13 /* Images.xcassets in Resources */ = {isa = PBXBuildFile; fileRef = 7579FE201BA40BE500A42D13 /* Images.xcassets */; };
		7579FE241BA40BE500A42D13 /* LaunchScreen.xib in Resources */ = {isa = PBXBuildFile; fileRef = 7579FE221BA40BE500A42D13 /* LaunchScreen.xib */; };
		7579FE301BA40BE500A42D13 /* Tech_DigestTests.m in Sources */ = {isa = PBXBuildFile; fileRef = 7579FE2F1BA40BE500A42D13 /* Tech_DigestTests.m */; };
/* End PBXBuildFile section */

/* Begin PBXContainerItemProxy section */
		7579FE2A1BA40BE500A42D13 /* PBXContainerItemProxy */ = {
			isa = PBXContainerItemProxy;
			containerPortal = 7579FE081BA40BE500A42D13 /* Project object */;
			proxyType = 1;
			remoteGlobalIDString = 7579FE0F1BA40BE500A42D13;
			remoteInfo = "Tech Digest";
		};
/* End PBXContainerItemProxy section */

/* Begin PBXFileReference section */
		7579FE101BA40BE500A42D13 /* Tech Digest.app */ = {isa = PBXFileReference; explicitFileType = wrapper.application; includeInIndex = 0; path = "Tech Digest.app"; sourceTree = BUILT_PRODUCTS_DIR; };
		7579FE141BA40BE500A42D13 /* Info.plist */ = {isa = PBXFileReference; lastKnownFileType = text.plist.xml; path = Info.plist; sourceTree = "<group>"; };
		7579FE151BA40BE500A42D13 /* main.m */ = {isa = PBXFileReference; lastKnownFileType = sourcecode.c.objc; path = main.m; sourceTree = "<group>"; };
		7579FE171BA40BE500A42D13 /* AppDelegate.h */ = {isa = PBXFileReference; lastKnownFileType = sourcecode.c.h; path = AppDelegate.h; sourceTree = "<group>"; };
		7579FE181BA40BE500A42D13 /* AppDelegate.m */ = {isa = PBXFileReference; lastKnownFileType = sourcecode.c.objc; path = AppDelegate.m; sourceTree = "<group>"; };
		7579FE1A1BA40BE500A42D13 /* ViewController.h */ = {isa = PBXFileReference; lastKnownFileType = sourcecode.c.h; path = ViewController.h; sourceTree = "<group>"; };
		7579FE1B1BA40BE500A42D13 /* ViewController.m */ = {isa = PBXFileReference; lastKnownFileType = sourcecode.c.objc; path = ViewController.m; sourceTree = "<group>"; };
		7579FE1E1BA40BE500A42D13 /* Base */ = {isa = PBXFileReference; lastKnownFileType = file.storyboard; name = Base; path = Base.lproj/Main.storyboard; sourceTree = "<group>"; };
		7579FE201BA40BE500A42D13 /* Images.xcassets */ = {isa = PBXFileReference; lastKnownFileType = folder.assetcatalog; path = Images.xcassets; sourceTree = "<group>"; };
		7579FE231BA40BE500A42D13 /* Base */ = {isa = PBXFileReference; lastKnownFileType = file.xib; name = Base; path = Base.lproj/LaunchScreen.xib; sourceTree = "<group>"; };
		7579FE291BA40BE500A42D13 /* Tech DigestTests.xctest */ = {isa = PBXFileReference; explicitFileType = wrapper.cfbundle; includeInIndex = 0; path = "Tech DigestTests.xctest"; sourceTree = BUILT_PRODUCTS_DIR; };
		7579FE2E1BA40BE500A42D13 /* Info.plist */ = {isa = PBXFileReference; lastKnownFileType = text.plist.xml; path = Info.plist; sourceTree = "<group>"; };
		7579FE2F1BA40BE500A42D13 /* Tech_DigestTests.m */ = {isa = PBXFileReference; lastKnownFileType = sourcecode.c.objc; path = Tech_DigestTests.m; sourceTree = "<group>"; };
/* End PBXFileReference section */

/* Begin PBXFrameworksBuildPhase section */
		7579FE0D1BA40BE500A42D13 /* Frameworks */ = {
			isa = PBXFrameworksBuildPhase;
			buildActionMask = 2147483647;
			files = (
			);
			runOnlyForDeploymentPostprocessing = 0;
		};
		7579FE261BA40BE500A42D13 /* Frameworks */ = {
			isa = PBXFrameworksBuildPhase;
			buildActionMask = 2147483647;
			files = (
			);
			runOnlyForDeploymentPostprocessing = 0;
		};
/* End PBXFrameworksBuildPhase section */

/* Begin PBXGroup section */
		7579FE071BA40BE500A42D13 = {
			isa = PBXGroup;
			children = (
				7579FE121BA40BE500A42D13 /* Tech Digest */,
				7579FE2C1BA40BE500A42D13 /* Tech DigestTests */,
				7579FE111BA40BE500A42D13 /* Products */,
			);
			sourceTree = "<group>";
		};
		7579FE111BA40BE500A42D13 /* Products */ = {
			isa = PBXGroup;
			children = (
				7579FE101BA40BE500A42D13 /* Tech Digest.app */,
				7579FE291BA40BE500A42D13 /* Tech DigestTests.xctest */,
			);
			name = Products;
			sourceTree = "<group>";
		};
		7579FE121BA40BE500A42D13 /* Tech Digest */ = {
			isa = PBXGroup;
			children = (
				7579FE171BA40BE500A42D13 /* AppDelegate.h */,
				7579FE181BA40BE500A42D13 /* AppDelegate.m */,
				7579FE1A1BA40BE500A42D13 /* ViewController.h */,
				7579FE1B1BA40BE500A42D13 /* ViewController.m */,
				7579FE1D1BA40BE500A42D13 /* Main.storyboard */,
				7579FE201BA40BE500A42D13 /* Images.xcassets */,
				7579FE221BA40BE500A42D13 /* LaunchScreen.xib */,
				7579FE131BA40BE500A42D13 /* Supporting Files */,
			);
			path = "Tech Digest";
			sourceTree = "<group>";
		};
		7579FE131BA40BE500A42D13 /* Supporting Files */ = {
			isa = PBXGroup;
			children = (
				7579FE141BA40BE500A42D13 /* Info.plist */,
				7579FE151BA40BE500A42D13 /* main.m */,
			);
			name = "Supporting Files";
			sourceTree = "<group>";
		};
		7579FE2C1BA40BE500A42D13 /* Tech DigestTests */ = {
			isa = PBXGroup;
			children = (
				7579FE2F1BA40BE500A42D13 /* Tech_DigestTests.m */,
				7579FE2D1BA40BE500A42D13 /* Supporting Files */,
			);
			path = "Tech DigestTests";
			sourceTree = "<group>";
		};
		7579FE2D1BA40BE500A42D13 /* Supporting Files */ = {
			isa = PBXGroup;
			children = (
				7579FE2E1BA40BE500A42D13 /* Info.plist */,
			);
			name = "Supporting Files";
			sourceTree = "<group>";
		};
/* End PBXGroup section */

/* Begin PBXNativeTarget section */
		7579FE0F1BA40BE500A42D13 /* Tech Digest */ = {
			isa = PBXNativeTarget;
			buildConfigurationList = 7579FE331BA40BE500A42D13 /* Build configuration list for PBXNativeTarget "Tech Digest" */;
			buildPhases = (
				7579FE0C1BA40BE500A42D13 /* Sources */,
				7579FE0D1BA40BE500A42D13 /* Frameworks */,
				7579FE0E1BA40BE500A42D13 /* Resources */,
			);
			buildRules = (
			);
			dependencies = (
			);
			name = "Tech Digest";
			productName = "Tech Digest";
			productReference = 7579FE101BA40BE500A42D13 /* Tech Digest.app */;
			productType = "com.apple.product-type.application";
		};
		7579FE281BA40BE500A42D13 /* Tech DigestTests */ = {
			isa = PBXNativeTarget;
			buildConfigurationList = 7579FE361BA40BE500A42D13 /* Build configuration list for PBXNativeTarget "Tech DigestTests" */;
			buildPhases = (
				7579FE251BA40BE500A42D13 /* Sources */,
				7579FE261BA40BE500A42D13 /* Frameworks */,
				7579FE271BA40BE500A42D13 /* Resources */,
			);
			buildRules = (
			);
			dependencies = (
				7579FE2B1BA40BE500A42D13 /* PBXTargetDependency */,
			);
			name = "Tech DigestTests";
			productName = "Tech DigestTests";
			productReference = 7579FE291BA40BE500A42D13 /* Tech DigestTests.xctest */;
			productType = "com.apple.product-type.bundle.unit-test";
		};
/* End PBXNativeTarget section */

/* Begin PBXProject section */
		7579FE081BA40BE500A42D13 /* Project object */ = {
			isa = PBXProject;
			attributes = {
				LastUpgradeCheck = 0640;
				ORGANIZATIONNAME = "Robert Varga";
				TargetAttributes = {
					7579FE0F1BA40BE500A42D13 = {
						CreatedOnToolsVersion = 6.4;
					};
					7579FE281BA40BE500A42D13 = {
						CreatedOnToolsVersion = 6.4;
						TestTargetID = 7579FE0F1BA40BE500A42D13;
					};
				};
			};
			buildConfigurationList = 7579FE0B1BA40BE500A42D13 /* Build configuration list for PBXProject "Tech Digest" */;
			compatibilityVersion = "Xcode 3.2";
			developmentRegion = English;
			hasScannedForEncodings = 0;
			knownRegions = (
				en,
				Base,
			);
			mainGroup = 7579FE071BA40BE500A42D13;
			productRefGroup = 7579FE111BA40BE500A42D13 /* Products */;
			projectDirPath = "";
			projectRoot = "";
			targets = (
				7579FE0F1BA40BE500A42D13 /* Tech Digest */,
				7579FE281BA40BE500A42D13 /* Tech DigestTests */,
			);
		};
/* End PBXProject section */

/* Begin PBXResourcesBuildPhase section */
		7579FE0E1BA40BE500A42D13 /* Resources */ = {
			isa = PBXResourcesBuildPhase;
			buildActionMask = 2147483647;
			files = (
				7579FE1F1BA40BE500A42D13 /* Main.storyboard in Resources */,
				7579FE241BA40BE500A42D13 /* LaunchScreen.xib in Resources */,
				7579FE211BA40BE500A42D13 /* Images.xcassets in Resources */,
			);
			runOnlyForDeploymentPostprocessing = 0;
		};
		7579FE271BA40BE500A42D13 /* Resources */ = {
			isa = PBXResourcesBuildPhase;
			buildActionMask = 2147483647;
			files = (
			);
			runOnlyForDeploymentPostprocessing = 0;
		};
/* End PBXResourcesBuildPhase section */

/* Begin PBXSourcesBuildPhase section */
		7579FE0C1BA40BE500A42D13 /* Sources */ = {
			isa = PBXSourcesBuildPhase;
			buildActionMask = 2147483647;
			files = (
				7579FE1C1BA40BE500A42D13 /* ViewController.m in Sources */,
				7579FE191BA40BE500A42D13 /* AppDelegate.m in Sources */,
				7579FE161BA40BE500A42D13 /* main.m in Sources */,
			);
			runOnlyForDeploymentPostprocessing = 0;
		};
		7579FE251BA40BE500A42D13 /* Sources */ = {
			isa = PBXSourcesBuildPhase;
			buildActionMask = 2147483647;
			files = (
				7579FE301BA40BE500A42D13 /* Tech_DigestTests.m in Sources */,
			);
			runOnlyForDeploymentPostprocessing = 0;
		};
/* End PBXSourcesBuildPhase section */

/* Begin PBXTargetDependency section */
		7579FE2B1BA40BE500A42D13 /* PBXTargetDependency */ = {
			isa = PBXTargetDependency;
			target = 7579FE0F1BA40BE500A42D13 /* Tech Digest */;
			targetProxy = 7579FE2A1BA40BE500A42D13 /* PBXContainerItemProxy */;
		};
/* End PBXTargetDependency section */

/* Begin PBXVariantGroup section */
		7579FE1D1BA40BE500A42D13 /* Main.storyboard */ = {
			isa = PBXVariantGroup;
			children = (
				7579FE1E1BA40BE500A42D13 /* Base */,
			);
			name = Main.storyboard;
			sourceTree = "<group>";
		};
		7579FE221BA40BE500A42D13 /* LaunchScreen.xib */ = {
			isa = PBXVariantGroup;
			children = (
				7579FE231BA40BE500A42D13 /* Base */,
			);
			name = LaunchScreen.xib;
			sourceTree = "<group>";
		};
/* End PBXVariantGroup section */

/* Begin XCBuildConfiguration section */
		7579FE311BA40BE500A42D13 /* Debug */ = {
			isa = XCBuildConfiguration;
			buildSettings = {
				ALWAYS_SEARCH_USER_PATHS = NO;
				CLANG_CXX_LANGUAGE_STANDARD = "gnu++0x";
				CLANG_CXX_LIBRARY = "libc++";
				CLANG_ENABLE_MODULES = YES;
				CLANG_ENABLE_OBJC_ARC = YES;
				CLANG_WARN_BOOL_CONVERSION = YES;
				CLANG_WARN_CONSTANT_CONVERSION = YES;
				CLANG_WARN_DIRECT_OBJC_ISA_USAGE = YES_ERROR;
				CLANG_WARN_EMPTY_BODY = YES;
				CLANG_WARN_ENUM_CONVERSION = YES;
				CLANG_WARN_INT_CONVERSION = YES;
				CLANG_WARN_OBJC_ROOT_CLASS = YES_ERROR;
				CLANG_WARN_UNREACHABLE_CODE = YES;
				CLANG_WARN__DUPLICATE_METHOD_MATCH = YES;
				"CODE_SIGN_IDENTITY[sdk=iphoneos*]" = "iPhone Developer";
				COPY_PHASE_STRIP = NO;
				DEBUG_INFORMATION_FORMAT = "dwarf-with-dsym";
				ENABLE_STRICT_OBJC_MSGSEND = YES;
				GCC_C_LANGUAGE_STANDARD = gnu99;
				GCC_DYNAMIC_NO_PIC = NO;
				GCC_NO_COMMON_BLOCKS = YES;
				GCC_OPTIMIZATION_LEVEL = 0;
				GCC_PREPROCESSOR_DEFINITIONS = (
					"DEBUG=1",
					"$(inherited)",
				);
				GCC_SYMBOLS_PRIVATE_EXTERN = NO;
				GCC_WARN_64_TO_32_BIT_CONVERSION = YES;
				GCC_WARN_ABOUT_RETURN_TYPE = YES_ERROR;
				GCC_WARN_UNDECLARED_SELECTOR = YES;
				GCC_WARN_UNINITIALIZED_AUTOS = YES_AGGRESSIVE;
				GCC_WARN_UNUSED_FUNCTION = YES;
				GCC_WARN_UNUSED_VARIABLE = YES;
				IPHONEOS_DEPLOYMENT_TARGET = 8.4;
				MTL_ENABLE_DEBUG_INFO = YES;
				ONLY_ACTIVE_ARCH = YES;
				SDKROOT = iphoneos;
			};
			name = Debug;
		};
		7579FE321BA40BE500A42D13 /* Release */ = {
			isa = XCBuildConfiguration;
			buildSettings = {
				ALWAYS_SEARCH_USER_PATHS = NO;
				CLANG_CXX_LANGUAGE_STANDARD = "gnu++0x";
				CLANG_CXX_LIBRARY = "libc++";
				CLANG_ENABLE_MODULES = YES;
				CLANG_ENABLE_OBJC_ARC = YES;
				CLANG_WARN_BOOL_CONVERSION = YES;
				CLANG_WARN_CONSTANT_CONVERSION = YES;
				CLANG_WARN_DIRECT_OBJC_ISA_USAGE = YES_ERROR;
				CLANG_WARN_EMPTY_BODY = YES;
				CLANG_WARN_ENUM_CONVERSION = YES;
				CLANG_WARN_INT_CONVERSION = YES;
				CLANG_WARN_OBJC_ROOT_CLASS = YES_ERROR;
				CLANG_WARN_UNREACHABLE_CODE = YES;
				CLANG_WARN__DUPLICATE_METHOD_MATCH = YES;
				"CODE_SIGN_IDENTITY[sdk=iphoneos*]" = "iPhone Developer";
				COPY_PHASE_STRIP = NO;
				DEBUG_INFORMATION_FORMAT = "dwarf-with-dsym";
				ENABLE_NS_ASSERTIONS = NO;
				ENABLE_STRICT_OBJC_MSGSEND = YES;
				GCC_C_LANGUAGE_STANDARD = gnu99;
				GCC_NO_COMMON_BLOCKS = YES;
				GCC_WARN_64_TO_32_BIT_CONVERSION = YES;
				GCC_WARN_ABOUT_RETURN_TYPE = YES_ERROR;
				GCC_WARN_UNDECLARED_SELECTOR = YES;
				GCC_WARN_UNINITIALIZED_AUTOS = YES_AGGRESSIVE;
				GCC_WARN_UNUSED_FUNCTION = YES;
				GCC_WARN_UNUSED_VARIABLE = YES;
				IPHONEOS_DEPLOYMENT_TARGET = 8.4;
				MTL_ENABLE_DEBUG_INFO = NO;
				SDKROOT = iphoneos;
				VALIDATE_PRODUCT = YES;
			};
			name = Release;
		};
		7579FE341BA40BE500A42D13 /* Debug */ = {
			isa = XCBuildConfiguration;
			buildSettings = {
				ASSETCATALOG_COMPILER_APPICON_NAME = AppIcon;
				INFOPLIST_FILE = "Tech Digest/Info.plist";
				LD_RUNPATH_SEARCH_PATHS = "$(inherited) @executable_path/Frameworks";
				PRODUCT_NAME = "$(TARGET_NAME)";
			};
			name = Debug;
		};
		7579FE351BA40BE500A42D13 /* Release */ = {
			isa = XCBuildConfiguration;
			buildSettings = {
				ASSETCATALOG_COMPILER_APPICON_NAME = AppIcon;
				INFOPLIST_FILE = "Tech Digest/Info.plist";
				LD_RUNPATH_SEARCH_PATHS = "$(inherited) @executable_path/Frameworks";
				PRODUCT_NAME = "$(TARGET_NAME)";
			};
			name = Release;
		};
		7579FE371BA40BE500A42D13 /* Debug */ = {
			isa = XCBuildConfiguration;
			buildSettings = {
				BUNDLE_LOADER = "$(TEST_HOST)";
				FRAMEWORK_SEARCH_PATHS = (
					"$(SDKROOT)/Developer/Library/Frameworks",
					"$(inherited)",
				);
				GCC_PREPROCESSOR_DEFINITIONS = (
					"DEBUG=1",
					"$(inherited)",
				);
				INFOPLIST_FILE = "Tech DigestTests/Info.plist";
				LD_RUNPATH_SEARCH_PATHS = "$(inherited) @executable_path/Frameworks @loader_path/Frameworks";
				PRODUCT_NAME = "$(TARGET_NAME)";
				TEST_HOST = "$(BUILT_PRODUCTS_DIR)/Tech Digest.app/Tech Digest";
			};
			name = Debug;
		};
		7579FE381BA40BE500A42D13 /* Release */ = {
			isa = XCBuildConfiguration;
			buildSettings = {
				BUNDLE_LOADER = "$(TEST_HOST)";
				FRAMEWORK_SEARCH_PATHS = (
					"$(SDKROOT)/Developer/Library/Frameworks",
					"$(inherited)",
				);
				INFOPLIST_FILE = "Tech DigestTests/Info.plist";
				LD_RUNPATH_SEARCH_PATHS = "$(inherited) @executable_path/Frameworks @loader_path/Frameworks";
				PRODUCT_NAME = "$(TARGET_NAME)";
				TEST_HOST = "$(BUILT_PRODUCTS_DIR)/Tech Digest.app/Tech Digest";
			};
			name = Release;
		};
/* End XCBuildConfiguration section */

/* Begin XCConfigurationList section */
		7579FE0B1BA40BE500A42D13 /* Build configuration list for PBXProject "Tech Digest" */ = {
			isa = XCConfigurationList;
			buildConfigurations = (
				7579FE311BA40BE500A42D13 /* Debug */,
				7579FE321BA40BE500A42D13 /* Release */,
			);
			defaultConfigurationIsVisible = 0;
			defaultConfigurationName = Release;
		};
		7579FE331BA40BE500A42D13 /* Build configuration list for PBXNativeTarget "Tech Digest" */ = {
			isa = XCConfigurationList;
			buildConfigurations = (
				7579FE341BA40BE500A42D13 /* Debug */,
				7579FE351BA40BE500A42D13 /* Release */,
			);
			defaultConfigurationIsVisible = 0;
		};
		7579FE361BA40BE500A42D13 /* Build configuration list for PBXNativeTarget "Tech DigestTests" */ = {
			isa = XCConfigurationList;
			buildConfigurations = (
				7579FE371BA40BE500A42D13 /* Debug */,
				7579FE381BA40BE500A42D13 /* Release */,
			);
			defaultConfigurationIsVisible = 0;
		};
/* End XCConfigurationList section */
	};
	rootObject = 7579FE081BA40BE500A42D13 /* Project object */;
}
